
Microsoft Visual Studio Solution File, Format Version 12.00
# Visual Studio 15
VisualStudioVersion = 15.0.27703.2026
MinimumVisualStudioVersion = 10.0.40219.1
Project("{FAE04EC0-301F-11D3-BF4B-00C04F79EFBC}") = "NetCore_JWT", "NetCore_JWT\NetCore_JWT.csproj", "{CAE72C56-D788-4955-91FC-5C97A6FE66D2}"
EndProject
Global
	GlobalSection(SolutionConfigurationPlatforms) = preSolution
		Debug|Any CPU = Debug|Any CPU
		Release|Any CPU = Release|Any CPU
	EndGlobalSection
	GlobalSection(ProjectConfigurationPlatforms) = postSolution
		{CAE72C56-D788-4955-91FC-5C97A6FE66D2}.Debug|Any CPU.ActiveCfg = Debug|Any CPU
		{CAE72C56-D788-4955-91FC-5C97A6FE66D2}.Debug|Any CPU.Build.0 = Debug|Any CPU
		{CAE72C56-D788-4955-91FC-5C97A6FE66D2}.Release|Any CPU.ActiveCfg = Release|Any CPU
		{CAE72C56-D788-4955-91FC-5C97A6FE66D2}.Release|Any CPU.Build.0 = Release|Any CPU
	EndGlobalSection
	GlobalSection(SolutionProperties) = preSolution
		HideSolutionNode = FALSE
	EndGlobalSection
	GlobalSection(ExtensibilityGlobals) = postSolution
		SolutionGuid = {7ABFE18D-3E38-4897-870C-26D8E92E8DE3}
	EndGlobalSection
EndGlobal
